// !$*UTF8*$!
{
	archiveVersion = 1;
	classes = {
	};
	objectVersion = 46;
	objects = {

/* Begin PBXBuildFile section */
		E2528E851C9FF36C0015180D /* main.m in Sources */ = {isa = PBXBuildFile; fileRef = E2528E841C9FF36C0015180D /* main.m */; };
		E2528E881C9FF36C0015180D /* AppDelegate.m in Sources */ = {isa = PBXBuildFile; fileRef = E2528E871C9FF36C0015180D /* AppDelegate.m */; };
		E2528E901C9FF36C0015180D /* Assets.xcassets in Resources */ = {isa = PBXBuildFile; fileRef = E2528E8F1C9FF36C0015180D /* Assets.xcassets */; };
		E2528E931C9FF36C0015180D /* LaunchScreen.storyboard in Resources */ = {isa = PBXBuildFile; fileRef = E2528E911C9FF36C0015180D /* LaunchScreen.storyboard */; };
		E2528E9E1C9FF36C0015180D /* LMessageTests.m in Sources */ = {isa = PBXBuildFile; fileRef = E2528E9D1C9FF36C0015180D /* LMessageTests.m */; };
		E2528EA91C9FF36C0015180D /* LMessageUITests.m in Sources */ = {isa = PBXBuildFile; fileRef = E2528EA81C9FF36C0015180D /* LMessageUITests.m */; };
		E27C1D7D1CC4C0520068DB96 /* NavigationControllerDelegate.m in Sources */ = {isa = PBXBuildFile; fileRef = E27C1D7C1CC4C0520068DB96 /* NavigationControllerDelegate.m */; };
		E27C1D801CC4C8FD0068DB96 /* CircleTransitionAnimator.m in Sources */ = {isa = PBXBuildFile; fileRef = E27C1D7F1CC4C8FD0068DB96 /* CircleTransitionAnimator.m */; };
		E27F56951CC20E2B00D44138 /* DDAbstractDatabaseLogger.m in Sources */ = {isa = PBXBuildFile; fileRef = E27F567E1CC20E2B00D44138 /* DDAbstractDatabaseLogger.m */; };
		E27F56961CC20E2B00D44138 /* DDASLLogger.m in Sources */ = {isa = PBXBuildFile; fileRef = E27F56801CC20E2B00D44138 /* DDASLLogger.m */; };
		E27F56971CC20E2B00D44138 /* DDFileLogger.m in Sources */ = {isa = PBXBuildFile; fileRef = E27F56821CC20E2B00D44138 /* DDFileLogger.m */; };
		E27F56981CC20E2B00D44138 /* DDLog.m in Sources */ = {isa = PBXBuildFile; fileRef = E27F56851CC20E2B00D44138 /* DDLog.m */; };
		E27F56991CC20E2B00D44138 /* DDLogFormatter.m in Sources */ = {isa = PBXBuildFile; fileRef = E27F56871CC20E2B00D44138 /* DDLogFormatter.m */; };
		E27F569A1CC20E2B00D44138 /* DDTTYLogger.m in Sources */ = {isa = PBXBuildFile; fileRef = E27F56891CC20E2B00D44138 /* DDTTYLogger.m */; };
		E27F569B1CC20E2B00D44138 /* DDContextFilterLogFormatter.m in Sources */ = {isa = PBXBuildFile; fileRef = E27F568C1CC20E2B00D44138 /* DDContextFilterLogFormatter.m */; };
		E27F569C1CC20E2B00D44138 /* DDDispatchQueueLogFormatter.m in Sources */ = {isa = PBXBuildFile; fileRef = E27F568E1CC20E2B00D44138 /* DDDispatchQueueLogFormatter.m */; };
		E27F569D1CC20E2B00D44138 /* DDMultiFormatter.m in Sources */ = {isa = PBXBuildFile; fileRef = E27F56901CC20E2B00D44138 /* DDMultiFormatter.m */; };
		E27F569E1CC20E2B00D44138 /* README.txt in Resources */ = {isa = PBXBuildFile; fileRef = E27F56911CC20E2B00D44138 /* README.txt */; };
		E27F569F1CC20E2B00D44138 /* MBProgressHUD.m in Sources */ = {isa = PBXBuildFile; fileRef = E27F56941CC20E2B00D44138 /* MBProgressHUD.m */; };
		E27F56D41CC20E3B00D44138 /* NSDate+Category.m in Sources */ = {isa = PBXBuildFile; fileRef = E27F56A31CC20E3B00D44138 /* NSDate+Category.m */; };
		E27F56D51CC20E3B00D44138 /* NSDateFormatter+Category.m in Sources */ = {isa = PBXBuildFile; fileRef = E27F56A51CC20E3B00D44138 /* NSDateFormatter+Category.m */; };
		E27F56D61CC20E3B00D44138 /* NSDictionary+Category.m in Sources */ = {isa = PBXBuildFile; fileRef = E27F56A71CC20E3B00D44138 /* NSDictionary+Category.m */; };
		E27F56D71CC20E3B00D44138 /* NSString+HCTAvailableString.m in Sources */ = {isa = PBXBuildFile; fileRef = E27F56A91CC20E3B00D44138 /* NSString+HCTAvailableString.m */; };
		E27F56D81CC20E3B00D44138 /* NSString+hex.m in Sources */ = {isa = PBXBuildFile; fileRef = E27F56AB1CC20E3B00D44138 /* NSString+hex.m */; };
		E27F56D91CC20E3B00D44138 /* NSString+XEP_0106.m in Sources */ = {isa = PBXBuildFile; fileRef = E27F56AD1CC20E3B00D44138 /* NSString+XEP_0106.m */; };
		E27F56DA1CC20E3B00D44138 /* NSTimer+HCTTimerHelp.m in Sources */ = {isa = PBXBuildFile; fileRef = E27F56AF1CC20E3B00D44138 /* NSTimer+HCTTimerHelp.m */; };
		E27F56DB1CC20E3B00D44138 /* UIImage+Category.m in Sources */ = {isa = PBXBuildFile; fileRef = E27F56B11CC20E3B00D44138 /* UIImage+Category.m */; };
		E27F56DC1CC20E3B00D44138 /* UILabel+AutoSize.m in Sources */ = {isa = PBXBuildFile; fileRef = E27F56B31CC20E3B00D44138 /* UILabel+AutoSize.m */; };
		E27F56DD1CC20E3B00D44138 /* UITextField+Placeholder.m in Sources */ = {isa = PBXBuildFile; fileRef = E27F56B51CC20E3B00D44138 /* UITextField+Placeholder.m */; };
		E27F56DE1CC20E3B00D44138 /* UIView+Frame.m in Sources */ = {isa = PBXBuildFile; fileRef = E27F56B71CC20E3B00D44138 /* UIView+Frame.m */; };
		E27F56DF1CC20E3B00D44138 /* EHSysProperty.m in Sources */ = {isa = PBXBuildFile; fileRef = E27F56B91CC20E3B00D44138 /* EHSysProperty.m */; };
		E27F56E01CC20E3B00D44138 /* EHSysScreen.m in Sources */ = {isa = PBXBuildFile; fileRef = E27F56BB1CC20E3B00D44138 /* EHSysScreen.m */; };
		E27F56E11CC20E3B00D44138 /* MJConst.m in Sources */ = {isa = PBXBuildFile; fileRef = E27F56C01CC20E3B00D44138 /* MJConst.m */; };
		E27F56E21CC20E3B00D44138 /* MJFoundation.m in Sources */ = {isa = PBXBuildFile; fileRef = E27F56C31CC20E3B00D44138 /* MJFoundation.m */; };
		E27F56E31CC20E3B00D44138 /* MJIvar.m in Sources */ = {isa = PBXBuildFile; fileRef = E27F56C51CC20E3B00D44138 /* MJIvar.m */; };
		E27F56E41CC20E3B00D44138 /* MJType.m in Sources */ = {isa = PBXBuildFile; fileRef = E27F56C71CC20E3B00D44138 /* MJType.m */; };
		E27F56E51CC20E3B00D44138 /* NSObject+MJCoding.m in Sources */ = {isa = PBXBuildFile; fileRef = E27F56C91CC20E3B00D44138 /* NSObject+MJCoding.m */; };
		E27F56E61CC20E3B00D44138 /* NSObject+MJIvar.m in Sources */ = {isa = PBXBuildFile; fileRef = E27F56CB1CC20E3B00D44138 /* NSObject+MJIvar.m */; };
		E27F56E71CC20E3B00D44138 /* NSObject+MJKeyValue.m in Sources */ = {isa = PBXBuildFile; fileRef = E27F56CD1CC20E3B00D44138 /* NSObject+MJKeyValue.m */; };
		E27F56E81CC20E3B00D44138 /* SFHFKeychainUtils.m in Sources */ = {isa = PBXBuildFile; fileRef = E27F56D01CC20E3B00D44138 /* SFHFKeychainUtils.m */; };
		E27F56E91CC20E3B00D44138 /* Utility.m in Sources */ = {isa = PBXBuildFile; fileRef = E27F56D21CC20E3B00D44138 /* Utility.m */; };
		E27F56F41CC20E4700D44138 /* EHBaseViewController.m in Sources */ = {isa = PBXBuildFile; fileRef = E27F56ED1CC20E4700D44138 /* EHBaseViewController.m */; };
		E27F56F51CC20E4700D44138 /* EHCustomNavBar.m in Sources */ = {isa = PBXBuildFile; fileRef = E27F56EF1CC20E4700D44138 /* EHCustomNavBar.m */; };
		E27F56F61CC20E4700D44138 /* EHNavButton.m in Sources */ = {isa = PBXBuildFile; fileRef = E27F56F11CC20E4700D44138 /* EHNavButton.m */; };
		E27F56F71CC20E4700D44138 /* UINavigationController+Animation.m in Sources */ = {isa = PBXBuildFile; fileRef = E27F56F31CC20E4700D44138 /* UINavigationController+Animation.m */; };
		E27F56FB1CC20E6500D44138 /* ViewController.m in Sources */ = {isa = PBXBuildFile; fileRef = E27F56FA1CC20E6500D44138 /* ViewController.m */; };
		E27F56FE1CC20F9100D44138 /* HistoryViewController.m in Sources */ = {isa = PBXBuildFile; fileRef = E27F56FD1CC20F9100D44138 /* HistoryViewController.m */; };
		E29EB4731CF8724F00EF94C9 /* EHSearchViewController.m in Sources */ = {isa = PBXBuildFile; fileRef = E29EB4721CF8724F00EF94C9 /* EHSearchViewController.m */; };
/* End PBXBuildFile section */

/* Begin PBXContainerItemProxy section */
		E2528E9A1C9FF36C0015180D /* PBXContainerItemProxy */ = {
			isa = PBXContainerItemProxy;
			containerPortal = E2528E781C9FF36C0015180D /* Project object */;
			proxyType = 1;
			remoteGlobalIDString = E2528E7F1C9FF36C0015180D;
			remoteInfo = LMessage;
		};
		E2528EA51C9FF36C0015180D /* PBXContainerItemProxy */ = {
			isa = PBXContainerItemProxy;
			containerPortal = E2528E781C9FF36C0015180D /* Project object */;
			proxyType = 1;
			remoteGlobalIDString = E2528E7F1C9FF36C0015180D;
			remoteInfo = LMessage;
		};
/* End PBXContainerItemProxy section */

/* Begin PBXFileReference section */
		E2528E801C9FF36C0015180D /* LMessage.app */ = {isa = PBXFileReference; explicitFileType = wrapper.application; includeInIndex = 0; path = LMessage.app; sourceTree = BUILT_PRODUCTS_DIR; };
		E2528E841C9FF36C0015180D /* main.m */ = {isa = PBXFileReference; lastKnownFileType = sourcecode.c.objc; path = main.m; sourceTree = "<group>"; };
		E2528E861C9FF36C0015180D /* AppDelegate.h */ = {isa = PBXFileReference; lastKnownFileType = sourcecode.c.h; path = AppDelegate.h; sourceTree = "<group>"; };
		E2528E871C9FF36C0015180D /* AppDelegate.m */ = {isa = PBXFileReference; lastKnownFileType = sourcecode.c.objc; path = AppDelegate.m; sourceTree = "<group>"; };
		E2528E8F1C9FF36C0015180D /* Assets.xcassets */ = {isa = PBXFileReference; lastKnownFileType = folder.assetcatalog; path = Assets.xcassets; sourceTree = "<group>"; };
		E2528E921C9FF36C0015180D /* Base */ = {isa = PBXFileReference; lastKnownFileType = file.storyboard; name = Base; path = Base.lproj/LaunchScreen.storyboard; sourceTree = "<group>"; };
		E2528E941C9FF36C0015180D /* Info.plist */ = {isa = PBXFileReference; lastKnownFileType = text.plist.xml; path = Info.plist; sourceTree = "<group>"; };
		E2528E991C9FF36C0015180D /* LMessageTests.xctest */ = {isa = PBXFileReference; explicitFileType = wrapper.cfbundle; includeInIndex = 0; path = LMessageTests.xctest; sourceTree = BUILT_PRODUCTS_DIR; };
		E2528E9D1C9FF36C0015180D /* LMessageTests.m */ = {isa = PBXFileReference; lastKnownFileType = sourcecode.c.objc; path = LMessageTests.m; sourceTree = "<group>"; };
		E2528E9F1C9FF36C0015180D /* Info.plist */ = {isa = PBXFileReference; lastKnownFileType = text.plist.xml; path = Info.plist; sourceTree = "<group>"; };
		E2528EA41C9FF36C0015180D /* LMessageUITests.xctest */ = {isa = PBXFileReference; explicitFileType = wrapper.cfbundle; includeInIndex = 0; path = LMessageUITests.xctest; sourceTree = BUILT_PRODUCTS_DIR; };
		E2528EA81C9FF36C0015180D /* LMessageUITests.m */ = {isa = PBXFileReference; lastKnownFileType = sourcecode.c.objc; path = LMessageUITests.m; sourceTree = "<group>"; };
		E2528EAA1C9FF36C0015180D /* Info.plist */ = {isa = PBXFileReference; lastKnownFileType = text.plist.xml; path = Info.plist; sourceTree = "<group>"; };
		E2528F0E1C9FF6550015180D /* LMessage.pch */ = {isa = PBXFileReference; lastKnownFileType = sourcecode.c.h; path = LMessage.pch; sourceTree = "<group>"; };
		E27C1D7B1CC4C0520068DB96 /* NavigationControllerDelegate.h */ = {isa = PBXFileReference; fileEncoding = 4; lastKnownFileType = sourcecode.c.h; path = NavigationControllerDelegate.h; sourceTree = "<group>"; };
		E27C1D7C1CC4C0520068DB96 /* NavigationControllerDelegate.m */ = {isa = PBXFileReference; fileEncoding = 4; lastKnownFileType = sourcecode.c.objc; path = NavigationControllerDelegate.m; sourceTree = "<group>"; };
		E27C1D7E1CC4C8FD0068DB96 /* CircleTransitionAnimator.h */ = {isa = PBXFileReference; fileEncoding = 4; lastKnownFileType = sourcecode.c.h; path = CircleTransitionAnimator.h; sourceTree = "<group>"; };
		E27C1D7F1CC4C8FD0068DB96 /* CircleTransitionAnimator.m */ = {isa = PBXFileReference; fileEncoding = 4; lastKnownFileType = sourcecode.c.objc; path = CircleTransitionAnimator.m; sourceTree = "<group>"; };
		E27F567D1CC20E2B00D44138 /* DDAbstractDatabaseLogger.h */ = {isa = PBXFileReference; fileEncoding = 4; lastKnownFileType = sourcecode.c.h; path = DDAbstractDatabaseLogger.h; sourceTree = "<group>"; };
		E27F567E1CC20E2B00D44138 /* DDAbstractDatabaseLogger.m */ = {isa = PBXFileReference; fileEncoding = 4; lastKnownFileType = sourcecode.c.objc; path = DDAbstractDatabaseLogger.m; sourceTree = "<group>"; };
		E27F567F1CC20E2B00D44138 /* DDASLLogger.h */ = {isa = PBXFileReference; fileEncoding = 4; lastKnownFileType = sourcecode.c.h; path = DDASLLogger.h; sourceTree = "<group>"; };
		E27F56801CC20E2B00D44138 /* DDASLLogger.m */ = {isa = PBXFileReference; fileEncoding = 4; lastKnownFileType = sourcecode.c.objc; path = DDASLLogger.m; sourceTree = "<group>"; };
		E27F56811CC20E2B00D44138 /* DDFileLogger.h */ = {isa = PBXFileReference; fileEncoding = 4; lastKnownFileType = sourcecode.c.h; path = DDFileLogger.h; sourceTree = "<group>"; };
		E27F56821CC20E2B00D44138 /* DDFileLogger.m */ = {isa = PBXFileReference; fileEncoding = 4; lastKnownFileType = sourcecode.c.objc; path = DDFileLogger.m; sourceTree = "<group>"; };
		E27F56831CC20E2B00D44138 /* DDLog+LOGV.h */ = {isa = PBXFileReference; fileEncoding = 4; lastKnownFileType = sourcecode.c.h; path = "DDLog+LOGV.h"; sourceTree = "<group>"; };
		E27F56841CC20E2B00D44138 /* DDLog.h */ = {isa = PBXFileReference; fileEncoding = 4; lastKnownFileType = sourcecode.c.h; path = DDLog.h; sourceTree = "<group>"; };
		E27F56851CC20E2B00D44138 /* DDLog.m */ = {isa = PBXFileReference; fileEncoding = 4; lastKnownFileType = sourcecode.c.objc; path = DDLog.m; sourceTree = "<group>"; };
		E27F56861CC20E2B00D44138 /* DDLogFormatter.h */ = {isa = PBXFileReference; fileEncoding = 4; lastKnownFileType = sourcecode.c.h; path = DDLogFormatter.h; sourceTree = "<group>"; };
		E27F56871CC20E2B00D44138 /* DDLogFormatter.m */ = {isa = PBXFileReference; fileEncoding = 4; lastKnownFileType = sourcecode.c.objc; path = DDLogFormatter.m; sourceTree = "<group>"; };
		E27F56881CC20E2B00D44138 /* DDTTYLogger.h */ = {isa = PBXFileReference; fileEncoding = 4; lastKnownFileType = sourcecode.c.h; path = DDTTYLogger.h; sourceTree = "<group>"; };
		E27F56891CC20E2B00D44138 /* DDTTYLogger.m */ = {isa = PBXFileReference; fileEncoding = 4; lastKnownFileType = sourcecode.c.objc; path = DDTTYLogger.m; sourceTree = "<group>"; };
		E27F568B1CC20E2B00D44138 /* DDContextFilterLogFormatter.h */ = {isa = PBXFileReference; fileEncoding = 4; lastKnownFileType = sourcecode.c.h; path = DDContextFilterLogFormatter.h; sourceTree = "<group>"; };
		E27F568C1CC20E2B00D44138 /* DDContextFilterLogFormatter.m */ = {isa = PBXFileReference; fileEncoding = 4; lastKnownFileType = sourcecode.c.objc; path = DDContextFilterLogFormatter.m; sourceTree = "<group>"; };
		E27F568D1CC20E2B00D44138 /* DDDispatchQueueLogFormatter.h */ = {isa = PBXFileReference; fileEncoding = 4; lastKnownFileType = sourcecode.c.h; path = DDDispatchQueueLogFormatter.h; sourceTree = "<group>"; };
		E27F568E1CC20E2B00D44138 /* DDDispatchQueueLogFormatter.m */ = {isa = PBXFileReference; fileEncoding = 4; lastKnownFileType = sourcecode.c.objc; path = DDDispatchQueueLogFormatter.m; sourceTree = "<group>"; };
		E27F568F1CC20E2B00D44138 /* DDMultiFormatter.h */ = {isa = PBXFileReference; fileEncoding = 4; lastKnownFileType = sourcecode.c.h; path = DDMultiFormatter.h; sourceTree = "<group>"; };
		E27F56901CC20E2B00D44138 /* DDMultiFormatter.m */ = {isa = PBXFileReference; fileEncoding = 4; lastKnownFileType = sourcecode.c.objc; path = DDMultiFormatter.m; sourceTree = "<group>"; };
		E27F56911CC20E2B00D44138 /* README.txt */ = {isa = PBXFileReference; fileEncoding = 4; lastKnownFileType = text; path = README.txt; sourceTree = "<group>"; };
		E27F56931CC20E2B00D44138 /* MBProgressHUD.h */ = {isa = PBXFileReference; fileEncoding = 4; lastKnownFileType = sourcecode.c.h; path = MBProgressHUD.h; sourceTree = "<group>"; };
		E27F56941CC20E2B00D44138 /* MBProgressHUD.m */ = {isa = PBXFileReference; fileEncoding = 4; lastKnownFileType = sourcecode.c.objc; path = MBProgressHUD.m; sourceTree = "<group>"; };
		E27F56A21CC20E3B00D44138 /* NSDate+Category.h */ = {isa = PBXFileReference; fileEncoding = 4; lastKnownFileType = sourcecode.c.h; path = "NSDate+Category.h"; sourceTree = "<group>"; };
		E27F56A31CC20E3B00D44138 /* NSDate+Category.m */ = {isa = PBXFileReference; fileEncoding = 4; lastKnownFileType = sourcecode.c.objc; path = "NSDate+Category.m"; sourceTree = "<group>"; };
		E27F56A41CC20E3B00D44138 /* NSDateFormatter+Category.h */ = {isa = PBXFileReference; fileEncoding = 4; lastKnownFileType = sourcecode.c.h; path = "NSDateFormatter+Category.h"; sourceTree = "<group>"; };
		E27F56A51CC20E3B00D44138 /* NSDateFormatter+Category.m */ = {isa = PBXFileReference; fileEncoding = 4; lastKnownFileType = sourcecode.c.objc; path = "NSDateFormatter+Category.m"; sourceTree = "<group>"; };
		E27F56A61CC20E3B00D44138 /* NSDictionary+Category.h */ = {isa = PBXFileReference; fileEncoding = 4; lastKnownFileType = sourcecode.c.h; path = "NSDictionary+Category.h"; sourceTree = "<group>"; };
		E27F56A71CC20E3B00D44138 /* NSDictionary+Category.m */ = {isa = PBXFileReference; fileEncoding = 4; lastKnownFileType = sourcecode.c.objc; path = "NSDictionary+Category.m"; sourceTree = "<group>"; };
		E27F56A81CC20E3B00D44138 /* NSString+HCTAvailableString.h */ = {isa = PBXFileReference; fileEncoding = 4; lastKnownFileType = sourcecode.c.h; path = "NSString+HCTAvailableString.h"; sourceTree = "<group>"; };
		E27F56A91CC20E3B00D44138 /* NSString+HCTAvailableString.m */ = {isa = PBXFileReference; fileEncoding = 4; lastKnownFileType = sourcecode.c.objc; path = "NSString+HCTAvailableString.m"; sourceTree = "<group>"; };
		E27F56AA1CC20E3B00D44138 /* NSString+hex.h */ = {isa = PBXFileReference; fileEncoding = 4; lastKnownFileType = sourcecode.c.h; path = "NSString+hex.h"; sourceTree = "<group>"; };
		E27F56AB1CC20E3B00D44138 /* NSString+hex.m */ = {isa = PBXFileReference; fileEncoding = 4; lastKnownFileType = sourcecode.c.objc; path = "NSString+hex.m"; sourceTree = "<group>"; };
		E27F56AC1CC20E3B00D44138 /* NSString+XEP_0106.h */ = {isa = PBXFileReference; fileEncoding = 4; lastKnownFileType = sourcecode.c.h; path = "NSString+XEP_0106.h"; sourceTree = "<group>"; };
		E27F56AD1CC20E3B00D44138 /* NSString+XEP_0106.m */ = {isa = PBXFileReference; fileEncoding = 4; lastKnownFileType = sourcecode.c.objc; path = "NSString+XEP_0106.m"; sourceTree = "<group>"; };
		E27F56AE1CC20E3B00D44138 /* NSTimer+HCTTimerHelp.h */ = {isa = PBXFileReference; fileEncoding = 4; lastKnownFileType = sourcecode.c.h; path = "NSTimer+HCTTimerHelp.h"; sourceTree = "<group>"; };
		E27F56AF1CC20E3B00D44138 /* NSTimer+HCTTimerHelp.m */ = {isa = PBXFileReference; fileEncoding = 4; lastKnownFileType = sourcecode.c.objc; path = "NSTimer+HCTTimerHelp.m"; sourceTree = "<group>"; };
		E27F56B01CC20E3B00D44138 /* UIImage+Category.h */ = {isa = PBXFileReference; fileEncoding = 4; lastKnownFileType = sourcecode.c.h; path = "UIImage+Category.h"; sourceTree = "<group>"; };
		E27F56B11CC20E3B00D44138 /* UIImage+Category.m */ = {isa = PBXFileReference; fileEncoding = 4; lastKnownFileType = sourcecode.c.objc; path = "UIImage+Category.m"; sourceTree = "<group>"; };
		E27F56B21CC20E3B00D44138 /* UILabel+AutoSize.h */ = {isa = PBXFileReference; fileEncoding = 4; lastKnownFileType = sourcecode.c.h; path = "UILabel+AutoSize.h"; sourceTree = "<group>"; };
		E27F56B31CC20E3B00D44138 /* UILabel+AutoSize.m */ = {isa = PBXFileReference; fileEncoding = 4; lastKnownFileType = sourcecode.c.objc; path = "UILabel+AutoSize.m"; sourceTree = "<group>"; };
		E27F56B41CC20E3B00D44138 /* UITextField+Placeholder.h */ = {isa = PBXFileReference; fileEncoding = 4; lastKnownFileType = sourcecode.c.h; path = "UITextField+Placeholder.h"; sourceTree = "<group>"; };
		E27F56B51CC20E3B00D44138 /* UITextField+Placeholder.m */ = {isa = PBXFileReference; fileEncoding = 4; lastKnownFileType = sourcecode.c.objc; path = "UITextField+Placeholder.m"; sourceTree = "<group>"; };
		E27F56B61CC20E3B00D44138 /* UIView+Frame.h */ = {isa = PBXFileReference; fileEncoding = 4; lastKnownFileType = sourcecode.c.h; path = "UIView+Frame.h"; sourceTree = "<group>"; };
		E27F56B71CC20E3B00D44138 /* UIView+Frame.m */ = {isa = PBXFileReference; fileEncoding = 4; lastKnownFileType = sourcecode.c.objc; path = "UIView+Frame.m"; sourceTree = "<group>"; };
		E27F56B81CC20E3B00D44138 /* EHSysProperty.h */ = {isa = PBXFileReference; fileEncoding = 4; lastKnownFileType = sourcecode.c.h; path = EHSysProperty.h; sourceTree = "<group>"; };
		E27F56B91CC20E3B00D44138 /* EHSysProperty.m */ = {isa = PBXFileReference; fileEncoding = 4; lastKnownFileType = sourcecode.c.objc; path = EHSysProperty.m; sourceTree = "<group>"; };
		E27F56BA1CC20E3B00D44138 /* EHSysScreen.h */ = {isa = PBXFileReference; fileEncoding = 4; lastKnownFileType = sourcecode.c.h; path = EHSysScreen.h; sourceTree = "<group>"; };
		E27F56BB1CC20E3B00D44138 /* EHSysScreen.m */ = {isa = PBXFileReference; fileEncoding = 4; lastKnownFileType = sourcecode.c.objc; path = EHSysScreen.m; sourceTree = "<group>"; };
		E27F56BC1CC20E3B00D44138 /* Font_Color.h */ = {isa = PBXFileReference; fileEncoding = 4; lastKnownFileType = sourcecode.c.h; path = Font_Color.h; sourceTree = "<group>"; };
		E27F56BD1CC20E3B00D44138 /* Macro.h */ = {isa = PBXFileReference; fileEncoding = 4; lastKnownFileType = sourcecode.c.h; path = Macro.h; sourceTree = "<group>"; };
		E27F56BF1CC20E3B00D44138 /* MJConst.h */ = {isa = PBXFileReference; fileEncoding = 4; lastKnownFileType = sourcecode.c.h; path = MJConst.h; sourceTree = "<group>"; };
		E27F56C01CC20E3B00D44138 /* MJConst.m */ = {isa = PBXFileReference; fileEncoding = 4; lastKnownFileType = sourcecode.c.objc; path = MJConst.m; sourceTree = "<group>"; };
		E27F56C11CC20E3B00D44138 /* MJExtension.h */ = {isa = PBXFileReference; fileEncoding = 4; lastKnownFileType = sourcecode.c.h; path = MJExtension.h; sourceTree = "<group>"; };
		E27F56C21CC20E3B00D44138 /* MJFoundation.h */ = {isa = PBXFileReference; fileEncoding = 4; lastKnownFileType = sourcecode.c.h; path = MJFoundation.h; sourceTree = "<group>"; };
		E27F56C31CC20E3B00D44138 /* MJFoundation.m */ = {isa = PBXFileReference; fileEncoding = 4; lastKnownFileType = sourcecode.c.objc; path = MJFoundation.m; sourceTree = "<group>"; };
		E27F56C41CC20E3B00D44138 /* MJIvar.h */ = {isa = PBXFileReference; fileEncoding = 4; lastKnownFileType = sourcecode.c.h; path = MJIvar.h; sourceTree = "<group>"; };
		E27F56C51CC20E3B00D44138 /* MJIvar.m */ = {isa = PBXFileReference; fileEncoding = 4; lastKnownFileType = sourcecode.c.objc; path = MJIvar.m; sourceTree = "<group>"; };
		E27F56C61CC20E3B00D44138 /* MJType.h */ = {isa = PBXFileReference; fileEncoding = 4; lastKnownFileType = sourcecode.c.h; path = MJType.h; sourceTree = "<group>"; };
		E27F56C71CC20E3B00D44138 /* MJType.m */ = {isa = PBXFileReference; fileEncoding = 4; lastKnownFileType = sourcecode.c.objc; path = MJType.m; sourceTree = "<group>"; };
		E27F56C81CC20E3B00D44138 /* NSObject+MJCoding.h */ = {isa = PBXFileReference; fileEncoding = 4; lastKnownFileType = sourcecode.c.h; path = "NSObject+MJCoding.h"; sourceTree = "<group>"; };
		E27F56C91CC20E3B00D44138 /* NSObject+MJCoding.m */ = {isa = PBXFileReference; fileEncoding = 4; lastKnownFileType = sourcecode.c.objc; path = "NSObject+MJCoding.m"; sourceTree = "<group>"; };
		E27F56CA1CC20E3B00D44138 /* NSObject+MJIvar.h */ = {isa = PBXFileReference; fileEncoding = 4; lastKnownFileType = sourcecode.c.h; path = "NSObject+MJIvar.h"; sourceTree = "<group>"; };
		E27F56CB1CC20E3B00D44138 /* NSObject+MJIvar.m */ = {isa = PBXFileReference; fileEncoding = 4; lastKnownFileType = sourcecode.c.objc; path = "NSObject+MJIvar.m"; sourceTree = "<group>"; };
		E27F56CC1CC20E3B00D44138 /* NSObject+MJKeyValue.h */ = {isa = PBXFileReference; fileEncoding = 4; lastKnownFileType = sourcecode.c.h; path = "NSObject+MJKeyValue.h"; sourceTree = "<group>"; };
		E27F56CD1CC20E3B00D44138 /* NSObject+MJKeyValue.m */ = {isa = PBXFileReference; fileEncoding = 4; lastKnownFileType = sourcecode.c.objc; path = "NSObject+MJKeyValue.m"; sourceTree = "<group>"; };
		E27F56CF1CC20E3B00D44138 /* SFHFKeychainUtils.h */ = {isa = PBXFileReference; fileEncoding = 4; lastKnownFileType = sourcecode.c.h; path = SFHFKeychainUtils.h; sourceTree = "<group>"; };
		E27F56D01CC20E3B00D44138 /* SFHFKeychainUtils.m */ = {isa = PBXFileReference; fileEncoding = 4; lastKnownFileType = sourcecode.c.objc; path = SFHFKeychainUtils.m; sourceTree = "<group>"; };
		E27F56D11CC20E3B00D44138 /* Utility.h */ = {isa = PBXFileReference; fileEncoding = 4; lastKnownFileType = sourcecode.c.h; path = Utility.h; sourceTree = "<group>"; };
		E27F56D21CC20E3B00D44138 /* Utility.m */ = {isa = PBXFileReference; fileEncoding = 4; lastKnownFileType = sourcecode.c.objc; path = Utility.m; sourceTree = "<group>"; };
		E27F56D31CC20E3B00D44138 /* UtilityHelper.h */ = {isa = PBXFileReference; fileEncoding = 4; lastKnownFileType = sourcecode.c.h; path = UtilityHelper.h; sourceTree = "<group>"; };
		E27F56EC1CC20E4700D44138 /* EHBaseViewController.h */ = {isa = PBXFileReference; fileEncoding = 4; lastKnownFileType = sourcecode.c.h; path = EHBaseViewController.h; sourceTree = "<group>"; };
		E27F56ED1CC20E4700D44138 /* EHBaseViewController.m */ = {isa = PBXFileReference; fileEncoding = 4; lastKnownFileType = sourcecode.c.objc; path = EHBaseViewController.m; sourceTree = "<group>"; };
		E27F56EE1CC20E4700D44138 /* EHCustomNavBar.h */ = {isa = PBXFileReference; fileEncoding = 4; lastKnownFileType = sourcecode.c.h; path = EHCustomNavBar.h; sourceTree = "<group>"; };
		E27F56EF1CC20E4700D44138 /* EHCustomNavBar.m */ = {isa = PBXFileReference; fileEncoding = 4; lastKnownFileType = sourcecode.c.objc; path = EHCustomNavBar.m; sourceTree = "<group>"; };
		E27F56F01CC20E4700D44138 /* EHNavButton.h */ = {isa = PBXFileReference; fileEncoding = 4; lastKnownFileType = sourcecode.c.h; path = EHNavButton.h; sourceTree = "<group>"; };
		E27F56F11CC20E4700D44138 /* EHNavButton.m */ = {isa = PBXFileReference; fileEncoding = 4; lastKnownFileType = sourcecode.c.objc; path = EHNavButton.m; sourceTree = "<group>"; };
		E27F56F21CC20E4700D44138 /* UINavigationController+Animation.h */ = {isa = PBXFileReference; fileEncoding = 4; lastKnownFileType = sourcecode.c.h; path = "UINavigationController+Animation.h"; sourceTree = "<group>"; };
		E27F56F31CC20E4700D44138 /* UINavigationController+Animation.m */ = {isa = PBXFileReference; fileEncoding = 4; lastKnownFileType = sourcecode.c.objc; path = "UINavigationController+Animation.m"; sourceTree = "<group>"; };
		E27F56F91CC20E6500D44138 /* ViewController.h */ = {isa = PBXFileReference; fileEncoding = 4; lastKnownFileType = sourcecode.c.h; path = ViewController.h; sourceTree = "<group>"; };
		E27F56FA1CC20E6500D44138 /* ViewController.m */ = {isa = PBXFileReference; fileEncoding = 4; lastKnownFileType = sourcecode.c.objc; path = ViewController.m; sourceTree = "<group>"; };
		E27F56FC1CC20F9100D44138 /* HistoryViewController.h */ = {isa = PBXFileReference; fileEncoding = 4; lastKnownFileType = sourcecode.c.h; path = HistoryViewController.h; sourceTree = "<group>"; };
		E27F56FD1CC20F9100D44138 /* HistoryViewController.m */ = {isa = PBXFileReference; fileEncoding = 4; lastKnownFileType = sourcecode.c.objc; path = HistoryViewController.m; sourceTree = "<group>"; };
		E29EB4711CF8724F00EF94C9 /* EHSearchViewController.h */ = {isa = PBXFileReference; fileEncoding = 4; lastKnownFileType = sourcecode.c.h; path = EHSearchViewController.h; sourceTree = "<group>"; };
		E29EB4721CF8724F00EF94C9 /* EHSearchViewController.m */ = {isa = PBXFileReference; fileEncoding = 4; lastKnownFileType = sourcecode.c.objc; path = EHSearchViewController.m; sourceTree = "<group>"; };
/* End PBXFileReference section */

/* Begin PBXFrameworksBuildPhase section */
		E2528E7D1C9FF36C0015180D /* Frameworks */ = {
			isa = PBXFrameworksBuildPhase;
			buildActionMask = 2147483647;
			files = (
			);
			runOnlyForDeploymentPostprocessing = 0;
		};
		E2528E961C9FF36C0015180D /* Frameworks */ = {
			isa = PBXFrameworksBuildPhase;
			buildActionMask = 2147483647;
			files = (
			);
			runOnlyForDeploymentPostprocessing = 0;
		};
		E2528EA11C9FF36C0015180D /* Frameworks */ = {
			isa = PBXFrameworksBuildPhase;
			buildActionMask = 2147483647;
			files = (
			);
			runOnlyForDeploymentPostprocessing = 0;
		};
/* End PBXFrameworksBuildPhase section */

/* Begin PBXGroup section */
		E2528E771C9FF36C0015180D = {
			isa = PBXGroup;
			children = (
				E2528E821C9FF36C0015180D /* LMessage */,
				E2528E9C1C9FF36C0015180D /* LMessageTests */,
				E2528EA71C9FF36C0015180D /* LMessageUITests */,
				E2528E811C9FF36C0015180D /* Products */,
			);
			sourceTree = "<group>";
		};
		E2528E811C9FF36C0015180D /* Products */ = {
			isa = PBXGroup;
			children = (
				E2528E801C9FF36C0015180D /* LMessage.app */,
				E2528E991C9FF36C0015180D /* LMessageTests.xctest */,
				E2528EA41C9FF36C0015180D /* LMessageUITests.xctest */,
			);
			name = Products;
			sourceTree = "<group>";
		};
		E2528E821C9FF36C0015180D /* LMessage */ = {
			isa = PBXGroup;
			children = (
				E27F56EA1CC20E4700D44138 /* UI */,
				E27F56A01CC20E3B00D44138 /* Utility */,
				E27F567B1CC20E2B00D44138 /* 3rdParty */,
				E2528E861C9FF36C0015180D /* AppDelegate.h */,
				E2528E871C9FF36C0015180D /* AppDelegate.m */,
				E27F56F91CC20E6500D44138 /* ViewController.h */,
				E27F56FA1CC20E6500D44138 /* ViewController.m */,
				E29EB4711CF8724F00EF94C9 /* EHSearchViewController.h */,
				E29EB4721CF8724F00EF94C9 /* EHSearchViewController.m */,
				E27F56FC1CC20F9100D44138 /* HistoryViewController.h */,
				E27F56FD1CC20F9100D44138 /* HistoryViewController.m */,
				E2528E8F1C9FF36C0015180D /* Assets.xcassets */,
				E2528E911C9FF36C0015180D /* LaunchScreen.storyboard */,
				E2528E941C9FF36C0015180D /* Info.plist */,
				E2528E831C9FF36C0015180D /* Supporting Files */,
			);
			path = LMessage;
			sourceTree = "<group>";
		};
		E2528E831C9FF36C0015180D /* Supporting Files */ = {
			isa = PBXGroup;
			children = (
				E2528E841C9FF36C0015180D /* main.m */,
				E2528F0E1C9FF6550015180D /* LMessage.pch */,
			);
			name = "Supporting Files";
			sourceTree = "<group>";
		};
		E2528E9C1C9FF36C0015180D /* LMessageTests */ = {
			isa = PBXGroup;
			children = (
				E2528E9D1C9FF36C0015180D /* LMessageTests.m */,
				E2528E9F1C9FF36C0015180D /* Info.plist */,
			);
			path = LMessageTests;
			sourceTree = "<group>";
		};
		E2528EA71C9FF36C0015180D /* LMessageUITests */ = {
			isa = PBXGroup;
			children = (
				E2528EA81C9FF36C0015180D /* LMessageUITests.m */,
				E2528EAA1C9FF36C0015180D /* Info.plist */,
			);
			path = LMessageUITests;
			sourceTree = "<group>";
		};
		E27F567B1CC20E2B00D44138 /* 3rdParty */ = {
			isa = PBXGroup;
			children = (
				E27F567C1CC20E2B00D44138 /* Lumberjack */,
				E27F56921CC20E2B00D44138 /* MBProgressHUD */,
			);
			path = 3rdParty;
			sourceTree = "<group>";
		};
		E27F567C1CC20E2B00D44138 /* Lumberjack */ = {
			isa = PBXGroup;
			children = (
				E27F567D1CC20E2B00D44138 /* DDAbstractDatabaseLogger.h */,
				E27F567E1CC20E2B00D44138 /* DDAbstractDatabaseLogger.m */,
				E27F567F1CC20E2B00D44138 /* DDASLLogger.h */,
				E27F56801CC20E2B00D44138 /* DDASLLogger.m */,
				E27F56811CC20E2B00D44138 /* DDFileLogger.h */,
				E27F56821CC20E2B00D44138 /* DDFileLogger.m */,
				E27F56831CC20E2B00D44138 /* DDLog+LOGV.h */,
				E27F56841CC20E2B00D44138 /* DDLog.h */,
				E27F56851CC20E2B00D44138 /* DDLog.m */,
				E27F56861CC20E2B00D44138 /* DDLogFormatter.h */,
				E27F56871CC20E2B00D44138 /* DDLogFormatter.m */,
				E27F56881CC20E2B00D44138 /* DDTTYLogger.h */,
				E27F56891CC20E2B00D44138 /* DDTTYLogger.m */,
				E27F568A1CC20E2B00D44138 /* Extensions */,
			);
			path = Lumberjack;
			sourceTree = "<group>";
		};
		E27F568A1CC20E2B00D44138 /* Extensions */ = {
			isa = PBXGroup;
			children = (
				E27F568B1CC20E2B00D44138 /* DDContextFilterLogFormatter.h */,
				E27F568C1CC20E2B00D44138 /* DDContextFilterLogFormatter.m */,
				E27F568D1CC20E2B00D44138 /* DDDispatchQueueLogFormatter.h */,
				E27F568E1CC20E2B00D44138 /* DDDispatchQueueLogFormatter.m */,
				E27F568F1CC20E2B00D44138 /* DDMultiFormatter.h */,
				E27F56901CC20E2B00D44138 /* DDMultiFormatter.m */,
				E27F56911CC20E2B00D44138 /* README.txt */,
			);
			path = Extensions;
			sourceTree = "<group>";
		};
		E27F56921CC20E2B00D44138 /* MBProgressHUD */ = {
			isa = PBXGroup;
			children = (
				E27F56931CC20E2B00D44138 /* MBProgressHUD.h */,
				E27F56941CC20E2B00D44138 /* MBProgressHUD.m */,
			);
			path = MBProgressHUD;
			sourceTree = "<group>";
		};
		E27F56A01CC20E3B00D44138 /* Utility */ = {
			isa = PBXGroup;
			children = (
				E27F56A11CC20E3B00D44138 /* categories */,
				E27F56B81CC20E3B00D44138 /* EHSysProperty.h */,
				E27F56B91CC20E3B00D44138 /* EHSysProperty.m */,
				E27F56BA1CC20E3B00D44138 /* EHSysScreen.h */,
				E27F56BB1CC20E3B00D44138 /* EHSysScreen.m */,
				E27F56BC1CC20E3B00D44138 /* Font_Color.h */,
				E27F56BD1CC20E3B00D44138 /* Macro.h */,
				E27F56BE1CC20E3B00D44138 /* MJExtension */,
				E27F56CE1CC20E3B00D44138 /* SFHFKeychainUtils */,
				E27F56D11CC20E3B00D44138 /* Utility.h */,
				E27F56D21CC20E3B00D44138 /* Utility.m */,
				E27F56D31CC20E3B00D44138 /* UtilityHelper.h */,
			);
			path = Utility;
			sourceTree = "<group>";
		};
		E27F56A11CC20E3B00D44138 /* categories */ = {
			isa = PBXGroup;
			children = (
				E27F56A21CC20E3B00D44138 /* NSDate+Category.h */,
				E27F56A31CC20E3B00D44138 /* NSDate+Category.m */,
				E27F56A41CC20E3B00D44138 /* NSDateFormatter+Category.h */,
				E27F56A51CC20E3B00D44138 /* NSDateFormatter+Category.m */,
				E27F56A61CC20E3B00D44138 /* NSDictionary+Category.h */,
				E27F56A71CC20E3B00D44138 /* NSDictionary+Category.m */,
				E27F56A81CC20E3B00D44138 /* NSString+HCTAvailableString.h */,
				E27F56A91CC20E3B00D44138 /* NSString+HCTAvailableString.m */,
				E27F56AA1CC20E3B00D44138 /* NSString+hex.h */,
				E27F56AB1CC20E3B00D44138 /* NSString+hex.m */,
				E27F56AC1CC20E3B00D44138 /* NSString+XEP_0106.h */,
				E27F56AD1CC20E3B00D44138 /* NSString+XEP_0106.m */,
				E27F56AE1CC20E3B00D44138 /* NSTimer+HCTTimerHelp.h */,
				E27F56AF1CC20E3B00D44138 /* NSTimer+HCTTimerHelp.m */,
				E27F56B01CC20E3B00D44138 /* UIImage+Category.h */,
				E27F56B11CC20E3B00D44138 /* UIImage+Category.m */,
				E27F56B21CC20E3B00D44138 /* UILabel+AutoSize.h */,
				E27F56B31CC20E3B00D44138 /* UILabel+AutoSize.m */,
				E27F56B41CC20E3B00D44138 /* UITextField+Placeholder.h */,
				E27F56B51CC20E3B00D44138 /* UITextField+Placeholder.m */,
				E27F56B61CC20E3B00D44138 /* UIView+Frame.h */,
				E27F56B71CC20E3B00D44138 /* UIView+Frame.m */,
			);
			path = categories;
			sourceTree = "<group>";
		};
		E27F56BE1CC20E3B00D44138 /* MJExtension */ = {
			isa = PBXGroup;
			children = (
				E27F56BF1CC20E3B00D44138 /* MJConst.h */,
				E27F56C01CC20E3B00D44138 /* MJConst.m */,
				E27F56C11CC20E3B00D44138 /* MJExtension.h */,
				E27F56C21CC20E3B00D44138 /* MJFoundation.h */,
				E27F56C31CC20E3B00D44138 /* MJFoundation.m */,
				E27F56C41CC20E3B00D44138 /* MJIvar.h */,
				E27F56C51CC20E3B00D44138 /* MJIvar.m */,
				E27F56C61CC20E3B00D44138 /* MJType.h */,
				E27F56C71CC20E3B00D44138 /* MJType.m */,
				E27F56C81CC20E3B00D44138 /* NSObject+MJCoding.h */,
				E27F56C91CC20E3B00D44138 /* NSObject+MJCoding.m */,
				E27F56CA1CC20E3B00D44138 /* NSObject+MJIvar.h */,
				E27F56CB1CC20E3B00D44138 /* NSObject+MJIvar.m */,
				E27F56CC1CC20E3B00D44138 /* NSObject+MJKeyValue.h */,
				E27F56CD1CC20E3B00D44138 /* NSObject+MJKeyValue.m */,
			);
			path = MJExtension;
			sourceTree = "<group>";
		};
		E27F56CE1CC20E3B00D44138 /* SFHFKeychainUtils */ = {
			isa = PBXGroup;
			children = (
				E27F56CF1CC20E3B00D44138 /* SFHFKeychainUtils.h */,
				E27F56D01CC20E3B00D44138 /* SFHFKeychainUtils.m */,
			);
			path = SFHFKeychainUtils;
			sourceTree = "<group>";
		};
		E27F56EA1CC20E4700D44138 /* UI */ = {
			isa = PBXGroup;
			children = (
				E27F56EB1CC20E4700D44138 /* BaseUI */,
			);
			path = UI;
			sourceTree = "<group>";
		};
		E27F56EB1CC20E4700D44138 /* BaseUI */ = {
			isa = PBXGroup;
			children = (
				E27F56EC1CC20E4700D44138 /* EHBaseViewController.h */,
				E27F56ED1CC20E4700D44138 /* EHBaseViewController.m */,
				E27F56EE1CC20E4700D44138 /* EHCustomNavBar.h */,
				E27F56EF1CC20E4700D44138 /* EHCustomNavBar.m */,
				E27F56F01CC20E4700D44138 /* EHNavButton.h */,
				E27F56F11CC20E4700D44138 /* EHNavButton.m */,
				E27F56F21CC20E4700D44138 /* UINavigationController+Animation.h */,
				E27F56F31CC20E4700D44138 /* UINavigationController+Animation.m */,
				E27C1D7B1CC4C0520068DB96 /* NavigationControllerDelegate.h */,
				E27C1D7C1CC4C0520068DB96 /* NavigationControllerDelegate.m */,
				E27C1D7E1CC4C8FD0068DB96 /* CircleTransitionAnimator.h */,
				E27C1D7F1CC4C8FD0068DB96 /* CircleTransitionAnimator.m */,
			);
			path = BaseUI;
			sourceTree = "<group>";
		};
/* End PBXGroup section */

/* Begin PBXNativeTarget section */
		E2528E7F1C9FF36C0015180D /* LMessage */ = {
			isa = PBXNativeTarget;
			buildConfigurationList = E2528EAD1C9FF36C0015180D /* Build configuration list for PBXNativeTarget "LMessage" */;
			buildPhases = (
				E2528E7C1C9FF36C0015180D /* Sources */,
				E2528E7D1C9FF36C0015180D /* Frameworks */,
				E2528E7E1C9FF36C0015180D /* Resources */,
			);
			buildRules = (
			);
			dependencies = (
			);
			name = LMessage;
			productName = LMessage;
			productReference = E2528E801C9FF36C0015180D /* LMessage.app */;
			productType = "com.apple.product-type.application";
		};
		E2528E981C9FF36C0015180D /* LMessageTests */ = {
			isa = PBXNativeTarget;
			buildConfigurationList = E2528EB01C9FF36C0015180D /* Build configuration list for PBXNativeTarget "LMessageTests" */;
			buildPhases = (
				E2528E951C9FF36C0015180D /* Sources */,
				E2528E961C9FF36C0015180D /* Frameworks */,
				E2528E971C9FF36C0015180D /* Resources */,
			);
			buildRules = (
			);
			dependencies = (
				E2528E9B1C9FF36C0015180D /* PBXTargetDependency */,
			);
			name = LMessageTests;
			productName = LMessageTests;
			productReference = E2528E991C9FF36C0015180D /* LMessageTests.xctest */;
			productType = "com.apple.product-type.bundle.unit-test";
		};
		E2528EA31C9FF36C0015180D /* LMessageUITests */ = {
			isa = PBXNativeTarget;
			buildConfigurationList = E2528EB31C9FF36C0015180D /* Build configuration list for PBXNativeTarget "LMessageUITests" */;
			buildPhases = (
				E2528EA01C9FF36C0015180D /* Sources */,
				E2528EA11C9FF36C0015180D /* Frameworks */,
				E2528EA21C9FF36C0015180D /* Resources */,
			);
			buildRules = (
			);
			dependencies = (
				E2528EA61C9FF36C0015180D /* PBXTargetDependency */,
			);
			name = LMessageUITests;
			productName = LMessageUITests;
			productReference = E2528EA41C9FF36C0015180D /* LMessageUITests.xctest */;
			productType = "com.apple.product-type.bundle.ui-testing";
		};
/* End PBXNativeTarget section */

/* Begin PBXProject section */
		E2528E781C9FF36C0015180D /* Project object */ = {
			isa = PBXProject;
			attributes = {
				LastUpgradeCheck = 0720;
				ORGANIZATIONNAME = GaoAng;
				TargetAttributes = {
					E2528E7F1C9FF36C0015180D = {
						CreatedOnToolsVersion = 7.2.1;
					};
					E2528E981C9FF36C0015180D = {
						CreatedOnToolsVersion = 7.2.1;
						TestTargetID = E2528E7F1C9FF36C0015180D;
					};
					E2528EA31C9FF36C0015180D = {
						CreatedOnToolsVersion = 7.2.1;
						TestTargetID = E2528E7F1C9FF36C0015180D;
					};
				};
			};
			buildConfigurationList = E2528E7B1C9FF36C0015180D /* Build configuration list for PBXProject "LMessage" */;
			compatibilityVersion = "Xcode 3.2";
			developmentRegion = English;
			hasScannedForEncodings = 0;
			knownRegions = (
				en,
				Base,
			);
			mainGroup = E2528E771C9FF36C0015180D;
			productRefGroup = E2528E811C9FF36C0015180D /* Products */;
			projectDirPath = "";
			projectRoot = "";
			targets = (
				E2528E7F1C9FF36C0015180D /* LMessage */,
				E2528E981C9FF36C0015180D /* LMessageTests */,
				E2528EA31C9FF36C0015180D /* LMessageUITests */,
			);
		};
/* End PBXProject section */

/* Begin PBXResourcesBuildPhase section */
		E2528E7E1C9FF36C0015180D /* Resources */ = {
			isa = PBXResourcesBuildPhase;
			buildActionMask = 2147483647;
			files = (
				E2528E931C9FF36C0015180D /* LaunchScreen.storyboard in Resources */,
				E2528E901C9FF36C0015180D /* Assets.xcassets in Resources */,
				E27F569E1CC20E2B00D44138 /* README.txt in Resources */,
			);
			runOnlyForDeploymentPostprocessing = 0;
		};
		E2528E971C9FF36C0015180D /* Resources */ = {
			isa = PBXResourcesBuildPhase;
			buildActionMask = 2147483647;
			files = (
			);
			runOnlyForDeploymentPostprocessing = 0;
		};
		E2528EA21C9FF36C0015180D /* Resources */ = {
			isa = PBXResourcesBuildPhase;
			buildActionMask = 2147483647;
			files = (
			);
			runOnlyForDeploymentPostprocessing = 0;
		};
/* End PBXResourcesBuildPhase section */

/* Begin PBXSourcesBuildPhase section */
		E2528E7C1C9FF36C0015180D /* Sources */ = {
			isa = PBXSourcesBuildPhase;
			buildActionMask = 2147483647;
			files = (
				E27F56F41CC20E4700D44138 /* EHBaseViewController.m in Sources */,
				E27F569D1CC20E2B00D44138 /* DDMultiFormatter.m in Sources */,
				E27F56991CC20E2B00D44138 /* DDLogFormatter.m in Sources */,
				E27F56FE1CC20F9100D44138 /* HistoryViewController.m in Sources */,
				E27F56F61CC20E4700D44138 /* EHNavButton.m in Sources */,
				E27F56DF1CC20E3B00D44138 /* EHSysProperty.m in Sources */,
				E27F56D81CC20E3B00D44138 /* NSString+hex.m in Sources */,
				E27C1D801CC4C8FD0068DB96 /* CircleTransitionAnimator.m in Sources */,
				E27F56FB1CC20E6500D44138 /* ViewController.m in Sources */,
				E27F569C1CC20E2B00D44138 /* DDDispatchQueueLogFormatter.m in Sources */,
				E27F56E11CC20E3B00D44138 /* MJConst.m in Sources */,
				E27F56E61CC20E3B00D44138 /* NSObject+MJIvar.m in Sources */,
				E27F56F51CC20E4700D44138 /* EHCustomNavBar.m in Sources */,
				E27F56961CC20E2B00D44138 /* DDASLLogger.m in Sources */,
				E27F56DC1CC20E3B00D44138 /* UILabel+AutoSize.m in Sources */,
				E27F56951CC20E2B00D44138 /* DDAbstractDatabaseLogger.m in Sources */,
				E27F56E41CC20E3B00D44138 /* MJType.m in Sources */,
				E29EB4731CF8724F00EF94C9 /* EHSearchViewController.m in Sources */,
				E27F56E81CC20E3B00D44138 /* SFHFKeychainUtils.m in Sources */,
				E27F56E31CC20E3B00D44138 /* MJIvar.m in Sources */,
				E27F56E51CC20E3B00D44138 /* NSObject+MJCoding.m in Sources */,
				E27C1D7D1CC4C0520068DB96 /* NavigationControllerDelegate.m in Sources */,
				E27F56DB1CC20E3B00D44138 /* UIImage+Category.m in Sources */,
				E27F56F71CC20E4700D44138 /* UINavigationController+Animation.m in Sources */,
				E27F56E01CC20E3B00D44138 /* EHSysScreen.m in Sources */,
				E27F56D41CC20E3B00D44138 /* NSDate+Category.m in Sources */,
				E27F56971CC20E2B00D44138 /* DDFileLogger.m in Sources */,
				E27F56D61CC20E3B00D44138 /* NSDictionary+Category.m in Sources */,
				E27F569F1CC20E2B00D44138 /* MBProgressHUD.m in Sources */,
				E27F56DD1CC20E3B00D44138 /* UITextField+Placeholder.m in Sources */,
				E27F56E71CC20E3B00D44138 /* NSObject+MJKeyValue.m in Sources */,
				E27F56E91CC20E3B00D44138 /* Utility.m in Sources */,
				E27F56D91CC20E3B00D44138 /* NSString+XEP_0106.m in Sources */,
				E27F56D71CC20E3B00D44138 /* NSString+HCTAvailableString.m in Sources */,
				E27F569B1CC20E2B00D44138 /* DDContextFilterLogFormatter.m in Sources */,
				E27F56E21CC20E3B00D44138 /* MJFoundation.m in Sources */,
				E27F569A1CC20E2B00D44138 /* DDTTYLogger.m in Sources */,
				E27F56981CC20E2B00D44138 /* DDLog.m in Sources */,
				E27F56D51CC20E3B00D44138 /* NSDateFormatter+Category.m in Sources */,
				E2528E881C9FF36C0015180D /* AppDelegate.m in Sources */,
				E27F56DE1CC20E3B00D44138 /* UIView+Frame.m in Sources */,
				E2528E851C9FF36C0015180D /* main.m in Sources */,
				E27F56DA1CC20E3B00D44138 /* NSTimer+HCTTimerHelp.m in Sources */,
			);
			runOnlyForDeploymentPostprocessing = 0;
		};
		E2528E951C9FF36C0015180D /* Sources */ = {
			isa = PBXSourcesBuildPhase;
			buildActionMask = 2147483647;
			files = (
				E2528E9E1C9FF36C0015180D /* LMessageTests.m in Sources */,
			);
			runOnlyForDeploymentPostprocessing = 0;
		};
		E2528EA01C9FF36C0015180D /* Sources */ = {
			isa = PBXSourcesBuildPhase;
			buildActionMask = 2147483647;
			files = (
				E2528EA91C9FF36C0015180D /* LMessageUITests.m in Sources */,
			);
			runOnlyForDeploymentPostprocessing = 0;
		};
/* End PBXSourcesBuildPhase section */

/* Begin PBXTargetDependency section */
		E2528E9B1C9FF36C0015180D /* PBXTargetDependency */ = {
			isa = PBXTargetDependency;
			target = E2528E7F1C9FF36C0015180D /* LMessage */;
			targetProxy = E2528E9A1C9FF36C0015180D /* PBXContainerItemProxy */;
		};
		E2528EA61C9FF36C0015180D /* PBXTargetDependency */ = {
			isa = PBXTargetDependency;
			target = E2528E7F1C9FF36C0015180D /* LMessage */;
			targetProxy = E2528EA51C9FF36C0015180D /* PBXContainerItemProxy */;
		};
/* End PBXTargetDependency section */

/* Begin PBXVariantGroup section */
		E2528E911C9FF36C0015180D /* LaunchScreen.storyboard */ = {
			isa = PBXVariantGroup;
			children = (
				E2528E921C9FF36C0015180D /* Base */,
			);
			name = LaunchScreen.storyboard;
			sourceTree = "<group>";
		};
/* End PBXVariantGroup section */

/* Begin XCBuildConfiguration section */
		E2528EAB1C9FF36C0015180D /* Debug */ = {
			isa = XCBuildConfiguration;
			buildSettings = {
				ALWAYS_SEARCH_USER_PATHS = NO;
				CLANG_CXX_LANGUAGE_STANDARD = "gnu++0x";
				CLANG_CXX_LIBRARY = "libc++";
				CLANG_ENABLE_MODULES = YES;
				CLANG_ENABLE_OBJC_ARC = YES;
				CLANG_WARN_BOOL_CONVERSION = YES;
				CLANG_WARN_CONSTANT_CONVERSION = YES;
				CLANG_WARN_DIRECT_OBJC_ISA_USAGE = YES_ERROR;
				CLANG_WARN_EMPTY_BODY = YES;
				CLANG_WARN_ENUM_CONVERSION = YES;
				CLANG_WARN_INT_CONVERSION = YES;
				CLANG_WARN_OBJC_ROOT_CLASS = YES_ERROR;
				CLANG_WARN_UNREACHABLE_CODE = YES;
				CLANG_WARN__DUPLICATE_METHOD_MATCH = YES;
				"CODE_SIGN_IDENTITY[sdk=iphoneos*]" = "iPhone Developer";
				COPY_PHASE_STRIP = NO;
				DEBUG_INFORMATION_FORMAT = dwarf;
				ENABLE_STRICT_OBJC_MSGSEND = YES;
				ENABLE_TESTABILITY = YES;
				GCC_C_LANGUAGE_STANDARD = gnu99;
				GCC_DYNAMIC_NO_PIC = NO;
				GCC_INCREASE_PRECOMPILED_HEADER_SHARING = NO;
				GCC_NO_COMMON_BLOCKS = YES;
				GCC_OPTIMIZATION_LEVEL = 0;
				GCC_PREPROCESSOR_DEFINITIONS = (
					"DEBUG=1",
					"$(inherited)",
				);
				GCC_WARN_64_TO_32_BIT_CONVERSION = YES;
				GCC_WARN_ABOUT_RETURN_TYPE = YES_ERROR;
				GCC_WARN_UNDECLARED_SELECTOR = YES;
				GCC_WARN_UNINITIALIZED_AUTOS = YES_AGGRESSIVE;
				GCC_WARN_UNUSED_FUNCTION = YES;
				GCC_WARN_UNUSED_VARIABLE = YES;
				IPHONEOS_DEPLOYMENT_TARGET = 9.2;
				MTL_ENABLE_DEBUG_INFO = YES;
				ONLY_ACTIVE_ARCH = YES;
				SDKROOT = iphoneos;
			};
			name = Debug;
		};
		E2528EAC1C9FF36C0015180D /* Release */ = {
			isa = XCBuildConfiguration;
			buildSettings = {
				ALWAYS_SEARCH_USER_PATHS = NO;
				CLANG_CXX_LANGUAGE_STANDARD = "gnu++0x";
				CLANG_CXX_LIBRARY = "libc++";
				CLANG_ENABLE_MODULES = YES;
				CLANG_ENABLE_OBJC_ARC = YES;
				CLANG_WARN_BOOL_CONVERSION = YES;
				CLANG_WARN_CONSTANT_CONVERSION = YES;
				CLANG_WARN_DIRECT_OBJC_ISA_USAGE = YES_ERROR;
				CLANG_WARN_EMPTY_BODY = YES;
				CLANG_WARN_ENUM_CONVERSION = YES;
				CLANG_WARN_INT_CONVERSION = YES;
				CLANG_WARN_OBJC_ROOT_CLASS = YES_ERROR;
				CLANG_WARN_UNREACHABLE_CODE = YES;
				CLANG_WARN__DUPLICATE_METHOD_MATCH = YES;
				"CODE_SIGN_IDENTITY[sdk=iphoneos*]" = "iPhone Developer";
				COPY_PHASE_STRIP = NO;
				DEBUG_INFORMATION_FORMAT = "dwarf-with-dsym";
				ENABLE_NS_ASSERTIONS = NO;
				ENABLE_STRICT_OBJC_MSGSEND = YES;
				GCC_C_LANGUAGE_STANDARD = gnu99;
				GCC_INCREASE_PRECOMPILED_HEADER_SHARING = NO;
				GCC_NO_COMMON_BLOCKS = YES;
				GCC_WARN_64_TO_32_BIT_CONVERSION = YES;
				GCC_WARN_ABOUT_RETURN_TYPE = YES_ERROR;
				GCC_WARN_UNDECLARED_SELECTOR = YES;
				GCC_WARN_UNINITIALIZED_AUTOS = YES_AGGRESSIVE;
				GCC_WARN_UNUSED_FUNCTION = YES;
				GCC_WARN_UNUSED_VARIABLE = YES;
				IPHONEOS_DEPLOYMENT_TARGET = 9.2;
				MTL_ENABLE_DEBUG_INFO = NO;
				SDKROOT = iphoneos;
				VALIDATE_PRODUCT = YES;
			};
			name = Release;
		};
		E2528EAE1C9FF36C0015180D /* Debug */ = {
			isa = XCBuildConfiguration;
			buildSettings = {
				ASSETCATALOG_COMPILER_APPICON_NAME = AppIcon;
				GCC_INCREASE_PRECOMPILED_HEADER_SHARING = NO;
				GCC_PREFIX_HEADER = LMessage/LMessage.pch;
				INFOPLIST_FILE = LMessage/Info.plist;
				LD_RUNPATH_SEARCH_PATHS = "$(inherited) @executable_path/Frameworks";
				LIBRARY_SEARCH_PATHS = (
					"$(inherited)",
					"$(PROJECT_DIR)/LMessage/3rdParty",
					"$(PROJECT_DIR)/LMessage/3rdParty/Packing/Library/MobileSubstrate/DynamicLibraries",
				);
				PRODUCT_BUNDLE_IDENTIFIER = com.selfwork.LMessage;
				PRODUCT_NAME = "$(TARGET_NAME)";
			};
			name = Debug;
		};
		E2528EAF1C9FF36C0015180D /* Release */ = {
			isa = XCBuildConfiguration;
			buildSettings = {
				ASSETCATALOG_COMPILER_APPICON_NAME = AppIcon;
				GCC_INCREASE_PRECOMPILED_HEADER_SHARING = NO;
				GCC_PREFIX_HEADER = LMessage/LMessage.pch;
				INFOPLIST_FILE = LMessage/Info.plist;
				LD_RUNPATH_SEARCH_PATHS = "$(inherited) @executable_path/Frameworks";
				LIBRARY_SEARCH_PATHS = (
					"$(inherited)",
					"$(PROJECT_DIR)/LMessage/3rdParty",
					"$(PROJECT_DIR)/LMessage/3rdParty/Packing/Library/MobileSubstrate/DynamicLibraries",
				);
				PRODUCT_BUNDLE_IDENTIFIER = com.selfwork.LMessage;
				PRODUCT_NAME = "$(TARGET_NAME)";
			};
			name = Release;
		};
		E2528EB11C9FF36C0015180D /* Debug */ = {
			isa = XCBuildConfiguration;
			buildSettings = {
				BUNDLE_LOADER = "$(TEST_HOST)";
				INFOPLIST_FILE = LMessageTests/Info.plist;
				LD_RUNPATH_SEARCH_PATHS = "$(inherited) @executable_path/Frameworks @loader_path/Frameworks";
				PRODUCT_BUNDLE_IDENTIFIER = com.selfwork.LMessageTests;
				PRODUCT_NAME = "$(TARGET_NAME)";
				TEST_HOST = "$(BUILT_PRODUCTS_DIR)/LMessage.app/LMessage";
			};
			name = Debug;
		};
		E2528EB21C9FF36C0015180D /* Release */ = {
			isa = XCBuildConfiguration;
			buildSettings = {
				BUNDLE_LOADER = "$(TEST_HOST)";
				INFOPLIST_FILE = LMessageTests/Info.plist;
				LD_RUNPATH_SEARCH_PATHS = "$(inherited) @executable_path/Frameworks @loader_path/Frameworks";
				PRODUCT_BUNDLE_IDENTIFIER = com.selfwork.LMessageTests;
				PRODUCT_NAME = "$(TARGET_NAME)";
				TEST_HOST = "$(BUILT_PRODUCTS_DIR)/LMessage.app/LMessage";
			};
			name = Release;
		};
		E2528EB41C9FF36C0015180D /* Debug */ = {
			isa = XCBuildConfiguration;
			buildSettings = {
				INFOPLIST_FILE = LMessageUITests/Info.plist;
				LD_RUNPATH_SEARCH_PATHS = "$(inherited) @executable_path/Frameworks @loader_path/Frameworks";
				PRODUCT_BUNDLE_IDENTIFIER = com.selfwork.LMessageUITests;
				PRODUCT_NAME = "$(TARGET_NAME)";
				TEST_TARGET_NAME = LMessage;
				USES_XCTRUNNER = YES;
			};
			name = Debug;
		};
		E2528EB51C9FF36C0015180D /* Release */ = {
			isa = XCBuildConfiguration;
			buildSettings = {
				INFOPLIST_FILE = LMessageUITests/Info.plist;
				LD_RUNPATH_SEARCH_PATHS = "$(inherited) @executable_path/Frameworks @loader_path/Frameworks";
				PRODUCT_BUNDLE_IDENTIFIER = com.selfwork.LMessageUITests;
				PRODUCT_NAME = "$(TARGET_NAME)";
				TEST_TARGET_NAME = LMessage;
				USES_XCTRUNNER = YES;
			};
			name = Release;
		};
/* End XCBuildConfiguration section */

/* Begin XCConfigurationList section */
		E2528E7B1C9FF36C0015180D /* Build configuration list for PBXProject "LMessage" */ = {
			isa = XCConfigurationList;
			buildConfigurations = (
				E2528EAB1C9FF36C0015180D /* Debug */,
				E2528EAC1C9FF36C0015180D /* Release */,
			);
			defaultConfigurationIsVisible = 0;
			defaultConfigurationName = Release;
		};
		E2528EAD1C9FF36C0015180D /* Build configuration list for PBXNativeTarget "LMessage" */ = {
			isa = XCConfigurationList;
			buildConfigurations = (
				E2528EAE1C9FF36C0015180D /* Debug */,
				E2528EAF1C9FF36C0015180D /* Release */,
			);
			defaultConfigurationIsVisible = 0;
			defaultConfigurationName = Release;
		};
		E2528EB01C9FF36C0015180D /* Build configuration list for PBXNativeTarget "LMessageTests" */ = {
			isa = XCConfigurationList;
			buildConfigurations = (
				E2528EB11C9FF36C0015180D /* Debug */,
				E2528EB21C9FF36C0015180D /* Release */,
			);
			defaultConfigurationIsVisible = 0;
			defaultConfigurationName = Release;
		};
		E2528EB31C9FF36C0015180D /* Build configuration list for PBXNativeTarget "LMessageUITests" */ = {
			isa = XCConfigurationList;
			buildConfigurations = (
				E2528EB41C9FF36C0015180D /* Debug */,
				E2528EB51C9FF36C0015180D /* Release */,
			);
			defaultConfigurationIsVisible = 0;
			defaultConfigurationName = Release;
		};
/* End XCConfigurationList section */
	};
	rootObject = E2528E781C9FF36C0015180D /* Project object */;
}
